{
  "name": "Typescript",
  "version": "1.0.0",
  "lockfileVersion": 1,
  "requires": true,
  "dependencies": {
    "systemjs": {
      "version": "0.21.5",
      "resolved": "https://registry.npmjs.org/systemjs/-/systemjs-0.21.5.tgz",
      "integrity": "sha512-GWzZhN/x7Fsae2CYkz2GF7OgOS+YDgKulcgd5L1kTogZHMKDrPx5T8zI8I0y5RoU9Dx78Z7j1XMfuFa1thD84A=="
    }
  }
}
